PODS:
  - Alamofire (3.5.1)
  - MJRefresh (3.1.12)
  - RongCloudIM (2.8.2):
    - RongCloudIM/CallKit (= 2.8.2)
    - RongCloudIM/CallLib (= 2.8.2)
    - RongCloudIM/IMKit (= 2.8.2)
    - RongCloudIM/IMLib (= 2.8.2)
    - RongCloudIM/RedPacket (= 2.8.2)
  - RongCloudIM/CallKit (2.8.2):
    - RongCloudIM/CallLib
    - RongCloudIM/IMKit
  - RongCloudIM/CallLib (2.8.2):
    - RongCloudIM/IMLib
  - RongCloudIM/IMKit (2.8.2):
    - RongCloudIM/IMLib
  - RongCloudIM/IMLib (2.8.2)
  - RongCloudIM/RedPacket (2.8.2):
    - RongCloudIM/IMKit
  - Swiftent (0.0.13)
  - UMeng (2.2.1)

DEPENDENCIES:
  - Alamofire (= 3.5.1)
  - MJRefresh (~> 3.1.12)
  - RongCloudIM (~> 2.8.2)
  - Swiftent (~> 0.0.13)
  - UMeng (~> 2.2.1)

SPEC CHECKSUMS:
  Alamofire: 0dfba1184a543e2aa160f4e39cac4e8aba48d223
  MJRefresh: b96cdb21c4aa75a7b07654311ab2f315c497e806
  RongCloudIM: 6198d695145db4c696b2bf5af308e063ad3f0a18
  Swiftent: 0f8d4c2b48918c0d9e308477bfeb336fa7317d2b
  UMeng: a4fe3231efeb223015d9649e92538dd16a92685f

PODFILE CHECKSUM: a42bbf2b351828ea67c8db550fa05dc484933fa8

COCOAPODS: 1.1.0.rc.2
