PODS:
  - BaiduMapKit (3.0.0)
  - FMDB (2.6.2):
    - FMDB/standard (= 2.6.2)
  - FMDB/standard (2.6.2)
  - MJRefresh (3.1.15.3)

DEPENDENCIES:
  - BaiduMapKit (~> 3.0.0)
  - FMDB (~> 2.6.2)
  - MJRefresh (~> 3.1.12)

SPEC CHECKSUMS:
  BaiduMapKit: de2a726d5296d6b2dc0e974b683af73153608dcd
  FMDB: 854a0341b4726e53276f2a8996f06f1b80f9259a
  MJRefresh: b48380ae2b927b46c4ef000de9adb8dc748e1df7

PODFILE CHECKSUM: 9c0cecae2d053a7ec725f05e117e9977a07fc907

COCOAPODS: 1.4.0
